// !$*UTF8*$!
{
	archiveVersion = 1;
	classes = {
	};
	objectVersion = 46;
	objects = {

/* Begin PBXBuildFile section */
		E91EB5101AF5BEB200FD4317 /* UnicornMapInfo.swift in Sources */ = {isa = PBXBuildFile; fileRef = E91EB50F1AF5BEB200FD4317 /* UnicornMapInfo.swift */; };
		E91EB5121AF66B2400FD4317 /* MapViewAnnotation.swift in Sources */ = {isa = PBXBuildFile; fileRef = E91EB5111AF66B2400FD4317 /* MapViewAnnotation.swift */; };
		E91EB5141AF6703400FD4317 /* HttpManager.swift in Sources */ = {isa = PBXBuildFile; fileRef = E91EB5131AF6703400FD4317 /* HttpManager.swift */; };
		E91EB5181AF68A3100FD4317 /* SwiftyJSON.swift in Sources */ = {isa = PBXBuildFile; fileRef = E91EB5171AF68A3100FD4317 /* SwiftyJSON.swift */; };
		E91EB51A1AF6B6FF00FD4317 /* unicorn_icon40x49.png in Resources */ = {isa = PBXBuildFile; fileRef = E91EB5191AF6B6FF00FD4317 /* unicorn_icon40x49.png */; };
		E9215B751B068BEA00379D36 /* CameraViewController.swift in Sources */ = {isa = PBXBuildFile; fileRef = E9215B741B068BEA00379D36 /* CameraViewController.swift */; };
		E927907F1AE1E5370025DFD5 /* MapViewController.swift in Sources */ = {isa = PBXBuildFile; fileRef = E927907E1AE1E5370025DFD5 /* MapViewController.swift */; };
		E94213851AE1438C004CF905 /* AppDelegate.swift in Sources */ = {isa = PBXBuildFile; fileRef = E94213841AE1438C004CF905 /* AppDelegate.swift */; };
		E94213881AE1438C004CF905 /* blueunicorn.xcdatamodeld in Sources */ = {isa = PBXBuildFile; fileRef = E94213861AE1438C004CF905 /* blueunicorn.xcdatamodeld */; };
		E942138A1AE1438C004CF905 /* ViewController.swift in Sources */ = {isa = PBXBuildFile; fileRef = E94213891AE1438C004CF905 /* ViewController.swift */; };
		E942138D1AE1438C004CF905 /* Main.storyboard in Resources */ = {isa = PBXBuildFile; fileRef = E942138B1AE1438C004CF905 /* Main.storyboard */; };
		E942138F1AE1438C004CF905 /* Images.xcassets in Resources */ = {isa = PBXBuildFile; fileRef = E942138E1AE1438C004CF905 /* Images.xcassets */; };
		E94213921AE1438C004CF905 /* LaunchScreen.xib in Resources */ = {isa = PBXBuildFile; fileRef = E94213901AE1438C004CF905 /* LaunchScreen.xib */; };
		E942139E1AE1438D004CF905 /* blueunicornTests.swift in Sources */ = {isa = PBXBuildFile; fileRef = E942139D1AE1438D004CF905 /* blueunicornTests.swift */; };
		E9707FDA1AF72A94003372E2 /* AsyncButton.swift in Sources */ = {isa = PBXBuildFile; fileRef = E9707FBC1AF72A94003372E2 /* AsyncButton.swift */; };
		E9707FDB1AF72A94003372E2 /* AsyncImageView.swift in Sources */ = {isa = PBXBuildFile; fileRef = E9707FBD1AF72A94003372E2 /* AsyncImageView.swift */; };
		E9707FDC1AF72A94003372E2 /* AutoTextView.swift in Sources */ = {isa = PBXBuildFile; fileRef = E9707FBE1AF72A94003372E2 /* AutoTextView.swift */; };
		E9707FDD1AF72A94003372E2 /* BlurView.swift in Sources */ = {isa = PBXBuildFile; fileRef = E9707FBF1AF72A94003372E2 /* BlurView.swift */; };
		E9707FDE1AF72A94003372E2 /* DesignableButton.swift in Sources */ = {isa = PBXBuildFile; fileRef = E9707FC01AF72A94003372E2 /* DesignableButton.swift */; };
		E9707FDF1AF72A94003372E2 /* DesignableImageView.swift in Sources */ = {isa = PBXBuildFile; fileRef = E9707FC11AF72A94003372E2 /* DesignableImageView.swift */; };
		E9707FE01AF72A94003372E2 /* DesignableLabel.swift in Sources */ = {isa = PBXBuildFile; fileRef = E9707FC21AF72A94003372E2 /* DesignableLabel.swift */; };
		E9707FE11AF72A94003372E2 /* DesignableTabBarController.swift in Sources */ = {isa = PBXBuildFile; fileRef = E9707FC31AF72A94003372E2 /* DesignableTabBarController.swift */; };
		E9707FE21AF72A94003372E2 /* DesignableTextField.swift in Sources */ = {isa = PBXBuildFile; fileRef = E9707FC41AF72A94003372E2 /* DesignableTextField.swift */; };
		E9707FE31AF72A94003372E2 /* DesignableTextView.swift in Sources */ = {isa = PBXBuildFile; fileRef = E9707FC51AF72A94003372E2 /* DesignableTextView.swift */; };
		E9707FE41AF72A94003372E2 /* DesignableView.swift in Sources */ = {isa = PBXBuildFile; fileRef = E9707FC61AF72A94003372E2 /* DesignableView.swift */; };
		E9707FE51AF72A94003372E2 /* ImageLoader.swift in Sources */ = {isa = PBXBuildFile; fileRef = E9707FC71AF72A94003372E2 /* ImageLoader.swift */; };
		E9707FE61AF72A94003372E2 /* Info.plist in Resources */ = {isa = PBXBuildFile; fileRef = E9707FC81AF72A94003372E2 /* Info.plist */; };
		E9707FE71AF72A94003372E2 /* KeyboardLayoutConstraint.swift in Sources */ = {isa = PBXBuildFile; fileRef = E9707FC91AF72A94003372E2 /* KeyboardLayoutConstraint.swift */; };
		E9707FE81AF72A94003372E2 /* LoadingView.swift in Sources */ = {isa = PBXBuildFile; fileRef = E9707FCA1AF72A94003372E2 /* LoadingView.swift */; };
		E9707FE91AF72A94003372E2 /* LoadingView.xib in Resources */ = {isa = PBXBuildFile; fileRef = E9707FCB1AF72A94003372E2 /* LoadingView.xib */; };
		E9707FEA1AF72A94003372E2 /* Misc.swift in Sources */ = {isa = PBXBuildFile; fileRef = E9707FCC1AF72A94003372E2 /* Misc.swift */; };
		E9707FEB1AF72A94003372E2 /* SoundPlayer.swift in Sources */ = {isa = PBXBuildFile; fileRef = E9707FCD1AF72A94003372E2 /* SoundPlayer.swift */; };
		E9707FEC1AF72A94003372E2 /* Spring.swift in Sources */ = {isa = PBXBuildFile; fileRef = E9707FCF1AF72A94003372E2 /* Spring.swift */; };
		E9707FED1AF72A94003372E2 /* SpringAnimation.swift in Sources */ = {isa = PBXBuildFile; fileRef = E9707FD01AF72A94003372E2 /* SpringAnimation.swift */; };
		E9707FEE1AF72A94003372E2 /* SpringButton.swift in Sources */ = {isa = PBXBuildFile; fileRef = E9707FD11AF72A94003372E2 /* SpringButton.swift */; };
		E9707FEF1AF72A94003372E2 /* SpringImageView.swift in Sources */ = {isa = PBXBuildFile; fileRef = E9707FD21AF72A94003372E2 /* SpringImageView.swift */; };
		E9707FF01AF72A94003372E2 /* SpringLabel.swift in Sources */ = {isa = PBXBuildFile; fileRef = E9707FD31AF72A94003372E2 /* SpringLabel.swift */; };
		E9707FF11AF72A94003372E2 /* SpringTextField.swift in Sources */ = {isa = PBXBuildFile; fileRef = E9707FD41AF72A94003372E2 /* SpringTextField.swift */; };
		E9707FF21AF72A94003372E2 /* SpringTextView.swift in Sources */ = {isa = PBXBuildFile; fileRef = E9707FD51AF72A94003372E2 /* SpringTextView.swift */; };
		E9707FF31AF72A94003372E2 /* SpringView.swift in Sources */ = {isa = PBXBuildFile; fileRef = E9707FD61AF72A94003372E2 /* SpringView.swift */; };
		E9707FF41AF72A94003372E2 /* TransitionManager.swift in Sources */ = {isa = PBXBuildFile; fileRef = E9707FD71AF72A94003372E2 /* TransitionManager.swift */; };
		E9707FF51AF72A94003372E2 /* TransitionZoom.swift in Sources */ = {isa = PBXBuildFile; fileRef = E9707FD81AF72A94003372E2 /* TransitionZoom.swift */; };
		E9707FF61AF72A94003372E2 /* UnwindSegue.swift in Sources */ = {isa = PBXBuildFile; fileRef = E9707FD91AF72A94003372E2 /* UnwindSegue.swift */; };
		E9B738A51B090B4600C2DB26 /* UploadViewController.swift in Sources */ = {isa = PBXBuildFile; fileRef = E9B738A41B090B4600C2DB26 /* UploadViewController.swift */; };
/* End PBXBuildFile section */

/* Begin PBXContainerItemProxy section */
		E94213981AE1438D004CF905 /* PBXContainerItemProxy */ = {
			isa = PBXContainerItemProxy;
			containerPortal = E94213771AE1438C004CF905 /* Project object */;
			proxyType = 1;
			remoteGlobalIDString = E942137E1AE1438C004CF905;
			remoteInfo = blueunicorn;
		};
/* End PBXContainerItemProxy section */

/* Begin PBXFileReference section */
		E91EB50F1AF5BEB200FD4317 /* UnicornMapInfo.swift */ = {isa = PBXFileReference; fileEncoding = 4; lastKnownFileType = sourcecode.swift; path = UnicornMapInfo.swift; sourceTree = "<group>"; };
		E91EB5111AF66B2400FD4317 /* MapViewAnnotation.swift */ = {isa = PBXFileReference; fileEncoding = 4; lastKnownFileType = sourcecode.swift; path = MapViewAnnotation.swift; sourceTree = "<group>"; };
		E91EB5131AF6703400FD4317 /* HttpManager.swift */ = {isa = PBXFileReference; fileEncoding = 4; lastKnownFileType = sourcecode.swift; path = HttpManager.swift; sourceTree = "<group>"; };
		E91EB5171AF68A3100FD4317 /* SwiftyJSON.swift */ = {isa = PBXFileReference; fileEncoding = 4; lastKnownFileType = sourcecode.swift; path = SwiftyJSON.swift; sourceTree = "<group>"; };
		E91EB5191AF6B6FF00FD4317 /* unicorn_icon40x49.png */ = {isa = PBXFileReference; lastKnownFileType = image.png; path = unicorn_icon40x49.png; sourceTree = "<group>"; };
		E9215B741B068BEA00379D36 /* CameraViewController.swift */ = {isa = PBXFileReference; fileEncoding = 4; lastKnownFileType = sourcecode.swift; path = CameraViewController.swift; sourceTree = "<group>"; };
		E927907E1AE1E5370025DFD5 /* MapViewController.swift */ = {isa = PBXFileReference; fileEncoding = 4; lastKnownFileType = sourcecode.swift; path = MapViewController.swift; sourceTree = "<group>"; };
		E942137F1AE1438C004CF905 /* blueunicorn.app */ = {isa = PBXFileReference; explicitFileType = wrapper.application; includeInIndex = 0; path = blueunicorn.app; sourceTree = BUILT_PRODUCTS_DIR; };
		E94213831AE1438C004CF905 /* Info.plist */ = {isa = PBXFileReference; lastKnownFileType = text.plist.xml; path = Info.plist; sourceTree = "<group>"; };
		E94213841AE1438C004CF905 /* AppDelegate.swift */ = {isa = PBXFileReference; lastKnownFileType = sourcecode.swift; path = AppDelegate.swift; sourceTree = "<group>"; };
		E94213871AE1438C004CF905 /* blueunicorn.xcdatamodel */ = {isa = PBXFileReference; lastKnownFileType = wrapper.xcdatamodel; path = blueunicorn.xcdatamodel; sourceTree = "<group>"; };
		E94213891AE1438C004CF905 /* ViewController.swift */ = {isa = PBXFileReference; lastKnownFileType = sourcecode.swift; path = ViewController.swift; sourceTree = "<group>"; };
		E942138C1AE1438C004CF905 /* Base */ = {isa = PBXFileReference; lastKnownFileType = file.storyboard; name = Base; path = Base.lproj/Main.storyboard; sourceTree = "<group>"; };
		E942138E1AE1438C004CF905 /* Images.xcassets */ = {isa = PBXFileReference; lastKnownFileType = folder.assetcatalog; path = Images.xcassets; sourceTree = "<group>"; };
		E94213911AE1438C004CF905 /* Base */ = {isa = PBXFileReference; lastKnownFileType = file.xib; name = Base; path = Base.lproj/LaunchScreen.xib; sourceTree = "<group>"; };
		E94213971AE1438D004CF905 /* blueunicornTests.xctest */ = {isa = PBXFileReference; explicitFileType = wrapper.cfbundle; includeInIndex = 0; path = blueunicornTests.xctest; sourceTree = BUILT_PRODUCTS_DIR; };
		E942139C1AE1438D004CF905 /* Info.plist */ = {isa = PBXFileReference; lastKnownFileType = text.plist.xml; path = Info.plist; sourceTree = "<group>"; };
		E942139D1AE1438D004CF905 /* blueunicornTests.swift */ = {isa = PBXFileReference; lastKnownFileType = sourcecode.swift; path = blueunicornTests.swift; sourceTree = "<group>"; };
		E9707FBC1AF72A94003372E2 /* AsyncButton.swift */ = {isa = PBXFileReference; fileEncoding = 4; lastKnownFileType = sourcecode.swift; path = AsyncButton.swift; sourceTree = "<group>"; };
		E9707FBD1AF72A94003372E2 /* AsyncImageView.swift */ = {isa = PBXFileReference; fileEncoding = 4; lastKnownFileType = sourcecode.swift; path = AsyncImageView.swift; sourceTree = "<group>"; };
		E9707FBE1AF72A94003372E2 /* AutoTextView.swift */ = {isa = PBXFileReference; fileEncoding = 4; lastKnownFileType = sourcecode.swift; path = AutoTextView.swift; sourceTree = "<group>"; };
		E9707FBF1AF72A94003372E2 /* BlurView.swift */ = {isa = PBXFileReference; fileEncoding = 4; lastKnownFileType = sourcecode.swift; path = BlurView.swift; sourceTree = "<group>"; };
		E9707FC01AF72A94003372E2 /* DesignableButton.swift */ = {isa = PBXFileReference; fileEncoding = 4; lastKnownFileType = sourcecode.swift; path = DesignableButton.swift; sourceTree = "<group>"; };
		E9707FC11AF72A94003372E2 /* DesignableImageView.swift */ = {isa = PBXFileReference; fileEncoding = 4; lastKnownFileType = sourcecode.swift; path = DesignableImageView.swift; sourceTree = "<group>"; };
		E9707FC21AF72A94003372E2 /* DesignableLabel.swift */ = {isa = PBXFileReference; fileEncoding = 4; lastKnownFileType = sourcecode.swift; path = DesignableLabel.swift; sourceTree = "<group>"; };
		E9707FC31AF72A94003372E2 /* DesignableTabBarController.swift */ = {isa = PBXFileReference; fileEncoding = 4; lastKnownFileType = sourcecode.swift; path = DesignableTabBarController.swift; sourceTree = "<group>"; };
		E9707FC41AF72A94003372E2 /* DesignableTextField.swift */ = {isa = PBXFileReference; fileEncoding = 4; lastKnownFileType = sourcecode.swift; path = DesignableTextField.swift; sourceTree = "<group>"; };
		E9707FC51AF72A94003372E2 /* DesignableTextView.swift */ = {isa = PBXFileReference; fileEncoding = 4; lastKnownFileType = sourcecode.swift; path = DesignableTextView.swift; sourceTree = "<group>"; };
		E9707FC61AF72A94003372E2 /* DesignableView.swift */ = {isa = PBXFileReference; fileEncoding = 4; lastKnownFileType = sourcecode.swift; path = DesignableView.swift; sourceTree = "<group>"; };
		E9707FC71AF72A94003372E2 /* ImageLoader.swift */ = {isa = PBXFileReference; fileEncoding = 4; lastKnownFileType = sourcecode.swift; path = ImageLoader.swift; sourceTree = "<group>"; };
		E9707FC81AF72A94003372E2 /* Info.plist */ = {isa = PBXFileReference; fileEncoding = 4; lastKnownFileType = text.plist.xml; path = Info.plist; sourceTree = "<group>"; };
		E9707FC91AF72A94003372E2 /* KeyboardLayoutConstraint.swift */ = {isa = PBXFileReference; fileEncoding = 4; lastKnownFileType = sourcecode.swift; path = KeyboardLayoutConstraint.swift; sourceTree = "<group>"; };
		E9707FCA1AF72A94003372E2 /* LoadingView.swift */ = {isa = PBXFileReference; fileEncoding = 4; lastKnownFileType = sourcecode.swift; path = LoadingView.swift; sourceTree = "<group>"; };
		E9707FCB1AF72A94003372E2 /* LoadingView.xib */ = {isa = PBXFileReference; fileEncoding = 4; lastKnownFileType = file.xib; path = LoadingView.xib; sourceTree = "<group>"; };
		E9707FCC1AF72A94003372E2 /* Misc.swift */ = {isa = PBXFileReference; fileEncoding = 4; lastKnownFileType = sourcecode.swift; path = Misc.swift; sourceTree = "<group>"; };
		E9707FCD1AF72A94003372E2 /* SoundPlayer.swift */ = {isa = PBXFileReference; fileEncoding = 4; lastKnownFileType = sourcecode.swift; path = SoundPlayer.swift; sourceTree = "<group>"; };
		E9707FCE1AF72A94003372E2 /* Spring.h */ = {isa = PBXFileReference; fileEncoding = 4; lastKnownFileType = sourcecode.c.h; path = Spring.h; sourceTree = "<group>"; };
		E9707FCF1AF72A94003372E2 /* Spring.swift */ = {isa = PBXFileReference; fileEncoding = 4; lastKnownFileType = sourcecode.swift; path = Spring.swift; sourceTree = "<group>"; };
		E9707FD01AF72A94003372E2 /* SpringAnimation.swift */ = {isa = PBXFileReference; fileEncoding = 4; lastKnownFileType = sourcecode.swift; path = SpringAnimation.swift; sourceTree = "<group>"; };
		E9707FD11AF72A94003372E2 /* SpringButton.swift */ = {isa = PBXFileReference; fileEncoding = 4; lastKnownFileType = sourcecode.swift; path = SpringButton.swift; sourceTree = "<group>"; };
		E9707FD21AF72A94003372E2 /* SpringImageView.swift */ = {isa = PBXFileReference; fileEncoding = 4; lastKnownFileType = sourcecode.swift; path = SpringImageView.swift; sourceTree = "<group>"; };
		E9707FD31AF72A94003372E2 /* SpringLabel.swift */ = {isa = PBXFileReference; fileEncoding = 4; lastKnownFileType = sourcecode.swift; path = SpringLabel.swift; sourceTree = "<group>"; };
		E9707FD41AF72A94003372E2 /* SpringTextField.swift */ = {isa = PBXFileReference; fileEncoding = 4; lastKnownFileType = sourcecode.swift; path = SpringTextField.swift; sourceTree = "<group>"; };
		E9707FD51AF72A94003372E2 /* SpringTextView.swift */ = {isa = PBXFileReference; fileEncoding = 4; lastKnownFileType = sourcecode.swift; path = SpringTextView.swift; sourceTree = "<group>"; };
		E9707FD61AF72A94003372E2 /* SpringView.swift */ = {isa = PBXFileReference; fileEncoding = 4; lastKnownFileType = sourcecode.swift; path = SpringView.swift; sourceTree = "<group>"; };
		E9707FD71AF72A94003372E2 /* TransitionManager.swift */ = {isa = PBXFileReference; fileEncoding = 4; lastKnownFileType = sourcecode.swift; path = TransitionManager.swift; sourceTree = "<group>"; };
		E9707FD81AF72A94003372E2 /* TransitionZoom.swift */ = {isa = PBXFileReference; fileEncoding = 4; lastKnownFileType = sourcecode.swift; path = TransitionZoom.swift; sourceTree = "<group>"; };
		E9707FD91AF72A94003372E2 /* UnwindSegue.swift */ = {isa = PBXFileReference; fileEncoding = 4; lastKnownFileType = sourcecode.swift; path = UnwindSegue.swift; sourceTree = "<group>"; };
		E9B738A41B090B4600C2DB26 /* UploadViewController.swift */ = {isa = PBXFileReference; fileEncoding = 4; lastKnownFileType = sourcecode.swift; path = UploadViewController.swift; sourceTree = "<group>"; };
/* End PBXFileReference section */

/* Begin PBXFrameworksBuildPhase section */
		E942137C1AE1438C004CF905 /* Frameworks */ = {
			isa = PBXFrameworksBuildPhase;
			buildActionMask = 2147483647;
			files = (
			);
			runOnlyForDeploymentPostprocessing = 0;
		};
		E94213941AE1438D004CF905 /* Frameworks */ = {
			isa = PBXFrameworksBuildPhase;
			buildActionMask = 2147483647;
			files = (
			);
			runOnlyForDeploymentPostprocessing = 0;
		};
/* End PBXFrameworksBuildPhase section */

/* Begin PBXGroup section */
		E94213761AE1438C004CF905 = {
			isa = PBXGroup;
			children = (
				E94213811AE1438C004CF905 /* blueunicorn */,
				E942139A1AE1438D004CF905 /* blueunicornTests */,
				E94213801AE1438C004CF905 /* Products */,
			);
			sourceTree = "<group>";
		};
		E94213801AE1438C004CF905 /* Products */ = {
			isa = PBXGroup;
			children = (
				E942137F1AE1438C004CF905 /* blueunicorn.app */,
				E94213971AE1438D004CF905 /* blueunicornTests.xctest */,
			);
			name = Products;
			sourceTree = "<group>";
		};
		E94213811AE1438C004CF905 /* blueunicorn */ = {
			isa = PBXGroup;
			children = (
				E91EB5171AF68A3100FD4317 /* SwiftyJSON.swift */,
				E94213841AE1438C004CF905 /* AppDelegate.swift */,
				E91EB5131AF6703400FD4317 /* HttpManager.swift */,
				E94213891AE1438C004CF905 /* ViewController.swift */,
				E9215B741B068BEA00379D36 /* CameraViewController.swift */,
				E9B738A41B090B4600C2DB26 /* UploadViewController.swift */,
				E927907E1AE1E5370025DFD5 /* MapViewController.swift */,
				E91EB5111AF66B2400FD4317 /* MapViewAnnotation.swift */,
				E91EB50F1AF5BEB200FD4317 /* UnicornMapInfo.swift */,
				E9707FBB1AF72A94003372E2 /* Spring */,
				E942138B1AE1438C004CF905 /* Main.storyboard */,
				E942138E1AE1438C004CF905 /* Images.xcassets */,
				E91EB5191AF6B6FF00FD4317 /* unicorn_icon40x49.png */,
				E94213901AE1438C004CF905 /* LaunchScreen.xib */,
				E94213861AE1438C004CF905 /* blueunicorn.xcdatamodeld */,
				E94213821AE1438C004CF905 /* Supporting Files */,
			);
			path = blueunicorn;
			sourceTree = "<group>";
		};
		E94213821AE1438C004CF905 /* Supporting Files */ = {
			isa = PBXGroup;
			children = (
				E94213831AE1438C004CF905 /* Info.plist */,
			);
			name = "Supporting Files";
			sourceTree = "<group>";
		};
		E942139A1AE1438D004CF905 /* blueunicornTests */ = {
			isa = PBXGroup;
			children = (
				E942139D1AE1438D004CF905 /* blueunicornTests.swift */,
				E942139B1AE1438D004CF905 /* Supporting Files */,
			);
			path = blueunicornTests;
			sourceTree = "<group>";
		};
		E942139B1AE1438D004CF905 /* Supporting Files */ = {
			isa = PBXGroup;
			children = (
				E942139C1AE1438D004CF905 /* Info.plist */,
			);
			name = "Supporting Files";
			sourceTree = "<group>";
		};
		E9707FBB1AF72A94003372E2 /* Spring */ = {
			isa = PBXGroup;
			children = (
				E9707FBC1AF72A94003372E2 /* AsyncButton.swift */,
				E9707FBD1AF72A94003372E2 /* AsyncImageView.swift */,
				E9707FBE1AF72A94003372E2 /* AutoTextView.swift */,
				E9707FBF1AF72A94003372E2 /* BlurView.swift */,
				E9707FC01AF72A94003372E2 /* DesignableButton.swift */,
				E9707FC11AF72A94003372E2 /* DesignableImageView.swift */,
				E9707FC21AF72A94003372E2 /* DesignableLabel.swift */,
				E9707FC31AF72A94003372E2 /* DesignableTabBarController.swift */,
				E9707FC41AF72A94003372E2 /* DesignableTextField.swift */,
				E9707FC51AF72A94003372E2 /* DesignableTextView.swift */,
				E9707FC61AF72A94003372E2 /* DesignableView.swift */,
				E9707FC71AF72A94003372E2 /* ImageLoader.swift */,
				E9707FC81AF72A94003372E2 /* Info.plist */,
				E9707FC91AF72A94003372E2 /* KeyboardLayoutConstraint.swift */,
				E9707FCA1AF72A94003372E2 /* LoadingView.swift */,
				E9707FCB1AF72A94003372E2 /* LoadingView.xib */,
				E9707FCC1AF72A94003372E2 /* Misc.swift */,
				E9707FCD1AF72A94003372E2 /* SoundPlayer.swift */,
				E9707FCE1AF72A94003372E2 /* Spring.h */,
				E9707FCF1AF72A94003372E2 /* Spring.swift */,
				E9707FD01AF72A94003372E2 /* SpringAnimation.swift */,
				E9707FD11AF72A94003372E2 /* SpringButton.swift */,
				E9707FD21AF72A94003372E2 /* SpringImageView.swift */,
				E9707FD31AF72A94003372E2 /* SpringLabel.swift */,
				E9707FD41AF72A94003372E2 /* SpringTextField.swift */,
				E9707FD51AF72A94003372E2 /* SpringTextView.swift */,
				E9707FD61AF72A94003372E2 /* SpringView.swift */,
				E9707FD71AF72A94003372E2 /* TransitionManager.swift */,
				E9707FD81AF72A94003372E2 /* TransitionZoom.swift */,
				E9707FD91AF72A94003372E2 /* UnwindSegue.swift */,
			);
			path = Spring;
			sourceTree = "<group>";
		};
/* End PBXGroup section */

/* Begin PBXNativeTarget section */
		E942137E1AE1438C004CF905 /* blueunicorn */ = {
			isa = PBXNativeTarget;
			buildConfigurationList = E94213A11AE1438D004CF905 /* Build configuration list for PBXNativeTarget "blueunicorn" */;
			buildPhases = (
				E942137B1AE1438C004CF905 /* Sources */,
				E942137C1AE1438C004CF905 /* Frameworks */,
				E942137D1AE1438C004CF905 /* Resources */,
			);
			buildRules = (
			);
			dependencies = (
			);
			name = blueunicorn;
			productName = blueunicorn;
			productReference = E942137F1AE1438C004CF905 /* blueunicorn.app */;
			productType = "com.apple.product-type.application";
		};
		E94213961AE1438D004CF905 /* blueunicornTests */ = {
			isa = PBXNativeTarget;
			buildConfigurationList = E94213A41AE1438D004CF905 /* Build configuration list for PBXNativeTarget "blueunicornTests" */;
			buildPhases = (
				E94213931AE1438D004CF905 /* Sources */,
				E94213941AE1438D004CF905 /* Frameworks */,
				E94213951AE1438D004CF905 /* Resources */,
			);
			buildRules = (
			);
			dependencies = (
				E94213991AE1438D004CF905 /* PBXTargetDependency */,
			);
			name = blueunicornTests;
			productName = blueunicornTests;
			productReference = E94213971AE1438D004CF905 /* blueunicornTests.xctest */;
			productType = "com.apple.product-type.bundle.unit-test";
		};
/* End PBXNativeTarget section */

/* Begin PBXProject section */
		E94213771AE1438C004CF905 /* Project object */ = {
			isa = PBXProject;
			attributes = {
				LastUpgradeCheck = 0630;
				ORGANIZATIONNAME = "Thomas Blom";
				TargetAttributes = {
					E942137E1AE1438C004CF905 = {
						CreatedOnToolsVersion = 6.3;
						DevelopmentTeam = 866NA338S2;
					};
					E94213961AE1438D004CF905 = {
						CreatedOnToolsVersion = 6.3;
						TestTargetID = E942137E1AE1438C004CF905;
					};
				};
			};
			buildConfigurationList = E942137A1AE1438C004CF905 /* Build configuration list for PBXProject "blueunicorn" */;
			compatibilityVersion = "Xcode 3.2";
			developmentRegion = English;
			hasScannedForEncodings = 0;
			knownRegions = (
				en,
				Base,
			);
			mainGroup = E94213761AE1438C004CF905;
			productRefGroup = E94213801AE1438C004CF905 /* Products */;
			projectDirPath = "";
			projectRoot = "";
			targets = (
				E942137E1AE1438C004CF905 /* blueunicorn */,
				E94213961AE1438D004CF905 /* blueunicornTests */,
			);
		};
/* End PBXProject section */

/* Begin PBXResourcesBuildPhase section */
		E942137D1AE1438C004CF905 /* Resources */ = {
			isa = PBXResourcesBuildPhase;
			buildActionMask = 2147483647;
			files = (
				E942138D1AE1438C004CF905 /* Main.storyboard in Resources */,
				E94213921AE1438C004CF905 /* LaunchScreen.xib in Resources */,
				E942138F1AE1438C004CF905 /* Images.xcassets in Resources */,
				E9707FE91AF72A94003372E2 /* LoadingView.xib in Resources */,
				E9707FE61AF72A94003372E2 /* Info.plist in Resources */,
				E91EB51A1AF6B6FF00FD4317 /* unicorn_icon40x49.png in Resources */,
			);
			runOnlyForDeploymentPostprocessing = 0;
		};
		E94213951AE1438D004CF905 /* Resources */ = {
			isa = PBXResourcesBuildPhase;
			buildActionMask = 2147483647;
			files = (
			);
			runOnlyForDeploymentPostprocessing = 0;
		};
/* End PBXResourcesBuildPhase section */

/* Begin PBXSourcesBuildPhase section */
		E942137B1AE1438C004CF905 /* Sources */ = {
			isa = PBXSourcesBuildPhase;
			buildActionMask = 2147483647;
			files = (
				E91EB5101AF5BEB200FD4317 /* UnicornMapInfo.swift in Sources */,
				E9707FEC1AF72A94003372E2 /* Spring.swift in Sources */,
				E91EB5141AF6703400FD4317 /* HttpManager.swift in Sources */,
				E9707FE51AF72A94003372E2 /* ImageLoader.swift in Sources */,
				E9B738A51B090B4600C2DB26 /* UploadViewController.swift in Sources */,
				E9707FE81AF72A94003372E2 /* LoadingView.swift in Sources */,
				E9707FEE1AF72A94003372E2 /* SpringButton.swift in Sources */,
				E9707FE11AF72A94003372E2 /* DesignableTabBarController.swift in Sources */,
				E9707FF01AF72A94003372E2 /* SpringLabel.swift in Sources */,
				E9707FE31AF72A94003372E2 /* DesignableTextView.swift in Sources */,
				E9707FF51AF72A94003372E2 /* TransitionZoom.swift in Sources */,
				E942138A1AE1438C004CF905 /* ViewController.swift in Sources */,
				E9707FEF1AF72A94003372E2 /* SpringImageView.swift in Sources */,
				E9707FDB1AF72A94003372E2 /* AsyncImageView.swift in Sources */,
				E9707FF11AF72A94003372E2 /* SpringTextField.swift in Sources */,
				E9707FE21AF72A94003372E2 /* DesignableTextField.swift in Sources */,
				E9707FE41AF72A94003372E2 /* DesignableView.swift in Sources */,
				E9707FEB1AF72A94003372E2 /* SoundPlayer.swift in Sources */,
				E9215B751B068BEA00379D36 /* CameraViewController.swift in Sources */,
				E91EB5181AF68A3100FD4317 /* SwiftyJSON.swift in Sources */,
				E9707FDD1AF72A94003372E2 /* BlurView.swift in Sources */,
				E9707FE71AF72A94003372E2 /* KeyboardLayoutConstraint.swift in Sources */,
				E9707FED1AF72A94003372E2 /* SpringAnimation.swift in Sources */,
				E9707FEA1AF72A94003372E2 /* Misc.swift in Sources */,
				E9707FF41AF72A94003372E2 /* TransitionManager.swift in Sources */,
				E9707FDF1AF72A94003372E2 /* DesignableImageView.swift in Sources */,
				E94213881AE1438C004CF905 /* blueunicorn.xcdatamodeld in Sources */,
				E9707FDA1AF72A94003372E2 /* AsyncButton.swift in Sources */,
				E9707FF61AF72A94003372E2 /* UnwindSegue.swift in Sources */,
				E94213851AE1438C004CF905 /* AppDelegate.swift in Sources */,
				E9707FF31AF72A94003372E2 /* SpringView.swift in Sources */,
				E9707FE01AF72A94003372E2 /* DesignableLabel.swift in Sources */,
				E9707FDC1AF72A94003372E2 /* AutoTextView.swift in Sources */,
				E9707FF21AF72A94003372E2 /* SpringTextView.swift in Sources */,
				E9707FDE1AF72A94003372E2 /* DesignableButton.swift in Sources */,
				E91EB5121AF66B2400FD4317 /* MapViewAnnotation.swift in Sources */,
				E927907F1AE1E5370025DFD5 /* MapViewController.swift in Sources */,
			);
			runOnlyForDeploymentPostprocessing = 0;
		};
		E94213931AE1438D004CF905 /* Sources */ = {
			isa = PBXSourcesBuildPhase;
			buildActionMask = 2147483647;
			files = (
				E942139E1AE1438D004CF905 /* blueunicornTests.swift in Sources */,
			);
			runOnlyForDeploymentPostprocessing = 0;
		};
/* End PBXSourcesBuildPhase section */

/* Begin PBXTargetDependency section */
		E94213991AE1438D004CF905 /* PBXTargetDependency */ = {
			isa = PBXTargetDependency;
			target = E942137E1AE1438C004CF905 /* blueunicorn */;
			targetProxy = E94213981AE1438D004CF905 /* PBXContainerItemProxy */;
		};
/* End PBXTargetDependency section */

/* Begin PBXVariantGroup section */
		E942138B1AE1438C004CF905 /* Main.storyboard */ = {
			isa = PBXVariantGroup;
			children = (
				E942138C1AE1438C004CF905 /* Base */,
			);
			name = Main.storyboard;
			sourceTree = "<group>";
		};
		E94213901AE1438C004CF905 /* LaunchScreen.xib */ = {
			isa = PBXVariantGroup;
			children = (
				E94213911AE1438C004CF905 /* Base */,
			);
			name = LaunchScreen.xib;
			sourceTree = "<group>";
		};
/* End PBXVariantGroup section */

/* Begin XCBuildConfiguration section */
		E942139F1AE1438D004CF905 /* Debug */ = {
			isa = XCBuildConfiguration;
			buildSettings = {
				ALWAYS_SEARCH_USER_PATHS = NO;
				CLANG_CXX_LANGUAGE_STANDARD = "gnu++0x";
				CLANG_CXX_LIBRARY = "libc++";
				CLANG_ENABLE_MODULES = YES;
				CLANG_ENABLE_OBJC_ARC = YES;
				CLANG_WARN_BOOL_CONVERSION = YES;
				CLANG_WARN_CONSTANT_CONVERSION = YES;
				CLANG_WARN_DIRECT_OBJC_ISA_USAGE = YES_ERROR;
				CLANG_WARN_EMPTY_BODY = YES;
				CLANG_WARN_ENUM_CONVERSION = YES;
				CLANG_WARN_INT_CONVERSION = YES;
				CLANG_WARN_OBJC_ROOT_CLASS = YES_ERROR;
				CLANG_WARN_UNREACHABLE_CODE = YES;
				CLANG_WARN__DUPLICATE_METHOD_MATCH = YES;
				"CODE_SIGN_IDENTITY[sdk=iphoneos*]" = "iPhone Developer";
				COPY_PHASE_STRIP = NO;
				DEBUG_INFORMATION_FORMAT = "dwarf-with-dsym";
				ENABLE_STRICT_OBJC_MSGSEND = YES;
				GCC_C_LANGUAGE_STANDARD = gnu99;
				GCC_DYNAMIC_NO_PIC = NO;
				GCC_NO_COMMON_BLOCKS = YES;
				GCC_OPTIMIZATION_LEVEL = 0;
				GCC_PREPROCESSOR_DEFINITIONS = (
					"DEBUG=1",
					"$(inherited)",
				);
				GCC_SYMBOLS_PRIVATE_EXTERN = NO;
				GCC_WARN_64_TO_32_BIT_CONVERSION = YES;
				GCC_WARN_ABOUT_RETURN_TYPE = YES_ERROR;
				GCC_WARN_UNDECLARED_SELECTOR = YES;
				GCC_WARN_UNINITIALIZED_AUTOS = YES_AGGRESSIVE;
				GCC_WARN_UNUSED_FUNCTION = YES;
				GCC_WARN_UNUSED_VARIABLE = YES;
				IPHONEOS_DEPLOYMENT_TARGET = 8.3;
				MTL_ENABLE_DEBUG_INFO = YES;
				ONLY_ACTIVE_ARCH = YES;
				SDKROOT = iphoneos;
				SWIFT_OPTIMIZATION_LEVEL = "-Onone";
			};
			name = Debug;
		};
		E94213A01AE1438D004CF905 /* Release */ = {
			isa = XCBuildConfiguration;
			buildSettings = {
				ALWAYS_SEARCH_USER_PATHS = NO;
				CLANG_CXX_LANGUAGE_STANDARD = "gnu++0x";
				CLANG_CXX_LIBRARY = "libc++";
				CLANG_ENABLE_MODULES = YES;
				CLANG_ENABLE_OBJC_ARC = YES;
				CLANG_WARN_BOOL_CONVERSION = YES;
				CLANG_WARN_CONSTANT_CONVERSION = YES;
				CLANG_WARN_DIRECT_OBJC_ISA_USAGE = YES_ERROR;
				CLANG_WARN_EMPTY_BODY = YES;
				CLANG_WARN_ENUM_CONVERSION = YES;
				CLANG_WARN_INT_CONVERSION = YES;
				CLANG_WARN_OBJC_ROOT_CLASS = YES_ERROR;
				CLANG_WARN_UNREACHABLE_CODE = YES;
				CLANG_WARN__DUPLICATE_METHOD_MATCH = YES;
				"CODE_SIGN_IDENTITY[sdk=iphoneos*]" = "iPhone Developer";
				COPY_PHASE_STRIP = NO;
				DEBUG_INFORMATION_FORMAT = "dwarf-with-dsym";
				ENABLE_NS_ASSERTIONS = NO;
				ENABLE_STRICT_OBJC_MSGSEND = YES;
				GCC_C_LANGUAGE_STANDARD = gnu99;
				GCC_NO_COMMON_BLOCKS = YES;
				GCC_WARN_64_TO_32_BIT_CONVERSION = YES;
				GCC_WARN_ABOUT_RETURN_TYPE = YES_ERROR;
				GCC_WARN_UNDECLARED_SELECTOR = YES;
				GCC_WARN_UNINITIALIZED_AUTOS = YES_AGGRESSIVE;
				GCC_WARN_UNUSED_FUNCTION = YES;
				GCC_WARN_UNUSED_VARIABLE = YES;
				IPHONEOS_DEPLOYMENT_TARGET = 8.3;
				MTL_ENABLE_DEBUG_INFO = NO;
				SDKROOT = iphoneos;
				VALIDATE_PRODUCT = YES;
			};
			name = Release;
		};
		E94213A21AE1438D004CF905 /* Debug */ = {
			isa = XCBuildConfiguration;
			buildSettings = {
				ASSETCATALOG_COMPILER_APPICON_NAME = AppIcon;
				CODE_SIGN_IDENTITY = "iPhone Developer";
				"CODE_SIGN_IDENTITY[sdk=iphoneos*]" = "iPhone Developer";
				INFOPLIST_FILE = blueunicorn/Info.plist;
				LD_RUNPATH_SEARCH_PATHS = "$(inherited) @executable_path/Frameworks";
				PRODUCT_NAME = "$(TARGET_NAME)";
				PROVISIONING_PROFILE = "";
				TARGETED_DEVICE_FAMILY = "1,2";
			};
			name = Debug;
		};
		E94213A31AE1438D004CF905 /* Release */ = {
			isa = XCBuildConfiguration;
			buildSettings = {
				ASSETCATALOG_COMPILER_APPICON_NAME = AppIcon;
				CODE_SIGN_IDENTITY = "iPhone Developer";
				"CODE_SIGN_IDENTITY[sdk=iphoneos*]" = "iPhone Developer";
				INFOPLIST_FILE = blueunicorn/Info.plist;
				LD_RUNPATH_SEARCH_PATHS = "$(inherited) @executable_path/Frameworks";
				PRODUCT_NAME = "$(TARGET_NAME)";
				PROVISIONING_PROFILE = "";
				TARGETED_DEVICE_FAMILY = "1,2";
			};
			name = Release;
		};
		E94213A51AE1438D004CF905 /* Debug */ = {
			isa = XCBuildConfiguration;
			buildSettings = {
				BUNDLE_LOADER = "$(TEST_HOST)";
				FRAMEWORK_SEARCH_PATHS = (
					"$(SDKROOT)/Developer/Library/Frameworks",
					"$(inherited)",
				);
				GCC_PREPROCESSOR_DEFINITIONS = (
					"DEBUG=1",
					"$(inherited)",
				);
				INFOPLIST_FILE = blueunicornTests/Info.plist;
				LD_RUNPATH_SEARCH_PATHS = "$(inherited) @executable_path/Frameworks @loader_path/Frameworks";
				PRODUCT_NAME = "$(TARGET_NAME)";
				TEST_HOST = "$(BUILT_PRODUCTS_DIR)/blueunicorn.app/blueunicorn";
			};
			name = Debug;
		};
		E94213A61AE1438D004CF905 /* Release */ = {
			isa = XCBuildConfiguration;
			buildSettings = {
				BUNDLE_LOADER = "$(TEST_HOST)";
				FRAMEWORK_SEARCH_PATHS = (
					"$(SDKROOT)/Developer/Library/Frameworks",
					"$(inherited)",
				);
				INFOPLIST_FILE = blueunicornTests/Info.plist;
				LD_RUNPATH_SEARCH_PATHS = "$(inherited) @executable_path/Frameworks @loader_path/Frameworks";
				PRODUCT_NAME = "$(TARGET_NAME)";
				TEST_HOST = "$(BUILT_PRODUCTS_DIR)/blueunicorn.app/blueunicorn";
			};
			name = Release;
		};
/* End XCBuildConfiguration section */

/* Begin XCConfigurationList section */
		E942137A1AE1438C004CF905 /* Build configuration list for PBXProject "blueunicorn" */ = {
			isa = XCConfigurationList;
			buildConfigurations = (
				E942139F1AE1438D004CF905 /* Debug */,
				E94213A01AE1438D004CF905 /* Release */,
			);
			defaultConfigurationIsVisible = 0;
			defaultConfigurationName = Release;
		};
		E94213A11AE1438D004CF905 /* Build configuration list for PBXNativeTarget "blueunicorn" */ = {
			isa = XCConfigurationList;
			buildConfigurations = (
				E94213A21AE1438D004CF905 /* Debug */,
				E94213A31AE1438D004CF905 /* Release */,
			);
			defaultConfigurationIsVisible = 0;
			defaultConfigurationName = Release;
		};
		E94213A41AE1438D004CF905 /* Build configuration list for PBXNativeTarget "blueunicornTests" */ = {
			isa = XCConfigurationList;
			buildConfigurations = (
				E94213A51AE1438D004CF905 /* Debug */,
				E94213A61AE1438D004CF905 /* Release */,
			);
			defaultConfigurationIsVisible = 0;
			defaultConfigurationName = Release;
		};
/* End XCConfigurationList section */

/* Begin XCVersionGroup section */
		E94213861AE1438C004CF905 /* blueunicorn.xcdatamodeld */ = {
			isa = XCVersionGroup;
			children = (
				E94213871AE1438C004CF905 /* blueunicorn.xcdatamodel */,
			);
			currentVersion = E94213871AE1438C004CF905 /* blueunicorn.xcdatamodel */;
			path = blueunicorn.xcdatamodeld;
			sourceTree = "<group>";
			versionGroupType = wrapper.xcdatamodel;
		};
/* End XCVersionGroup section */
	};
	rootObject = E94213771AE1438C004CF905 /* Project object */;
}
